
Microsoft Visual Studio Solution File, Format Version 12.00
# Visual Studio Version 17
VisualStudioVersion = 17.4.33213.308
MinimumVisualStudioVersion = 10.0.40219.1
Project("{8BC9CEB8-8B4A-11D0-8D11-00A0C91BC942}") = "SDL2_project_No.1_by_Github", "SDL2_project_No.1_by_Github\SDL2_project_No.1_by_Github.vcxproj", "{4D6F2165-EB4D-4E30-8BCE-5278245D0763}"
EndProject
Global
	GlobalSection(SolutionConfigurationPlatforms) = preSolution
		Debug|x64 = Debug|x64
		Debug|x86 = Debug|x86
		Release|x64 = Release|x64
		Release|x86 = Release|x86
	EndGlobalSection
	GlobalSection(ProjectConfigurationPlatforms) = postSolution
		{4D6F2165-EB4D-4E30-8BCE-5278245D0763}.Debug|x64.ActiveCfg = Debug|x64
		{4D6F2165-EB4D-4E30-8BCE-5278245D0763}.Debug|x64.Build.0 = Debug|x64
		{4D6F2165-EB4D-4E30-8BCE-5278245D0763}.Debug|x86.ActiveCfg = Debug|Win32
		{4D6F2165-EB4D-4E30-8BCE-5278245D0763}.Debug|x86.Build.0 = Debug|Win32
		{4D6F2165-EB4D-4E30-8BCE-5278245D0763}.Release|x64.ActiveCfg = Release|x64
		{4D6F2165-EB4D-4E30-8BCE-5278245D0763}.Release|x64.Build.0 = Release|x64
		{4D6F2165-EB4D-4E30-8BCE-5278245D0763}.Release|x86.ActiveCfg = Release|Win32
		{4D6F2165-EB4D-4E30-8BCE-5278245D0763}.Release|x86.Build.0 = Release|Win32
	EndGlobalSection
	GlobalSection(SolutionProperties) = preSolution
		HideSolutionNode = FALSE
	EndGlobalSection
	GlobalSection(ExtensibilityGlobals) = postSolution
		SolutionGuid = {6A3C097D-A6AE-44A7-B4FE-05544F11AAD4}
	EndGlobalSection
EndGlobal
